
Microsoft Visual Studio Solution File, Format Version 12.00
# Visual Studio Version 17
VisualStudioVersion = 17.11.35222.181
MinimumVisualStudioVersion = 10.0.40219.1
Project("{FAE04EC0-301F-11D3-BF4B-00C04F79EFBC}") = "ex1Guiat", "ex1Guiat.csproj", "{52386F1B-83A5-4971-9A68-643738E25E47}"
EndProject
Global
	GlobalSection(SolutionConfigurationPlatforms) = preSolution
		Debug|Any CPU = Debug|Any CPU
		Release|Any CPU = Release|Any CPU
	EndGlobalSection
	GlobalSection(ProjectConfigurationPlatforms) = postSolution
		{52386F1B-83A5-4971-9A68-643738E25E47}.Debug|Any CPU.ActiveCfg = Debug|Any CPU
		{52386F1B-83A5-4971-9A68-643738E25E47}.Debug|Any CPU.Build.0 = Debug|Any CPU
		{52386F1B-83A5-4971-9A68-643738E25E47}.Release|Any CPU.ActiveCfg = Release|Any CPU
		{52386F1B-83A5-4971-9A68-643738E25E47}.Release|Any CPU.Build.0 = Release|Any CPU
	EndGlobalSection
	GlobalSection(SolutionProperties) = preSolution
		HideSolutionNode = FALSE
	EndGlobalSection
	GlobalSection(ExtensibilityGlobals) = postSolution
		SolutionGuid = {51233642-D41E-4917-9E6E-5573058D6459}
	EndGlobalSection
EndGlobal
